{
 "_why": "这个仓库不存任何一份译文副本。译文和生成器都在 atm10-zh-cn，这里按 commit 钉死一个版本去构建——钉 commit 而不是分支，因为分支会动，commit 不会。想升级就改这里的 commit，改动本身就是一次可审阅的提交。",
 "source": {
  "repo": "https://github.com/chiba233/atm10-zh-cn",
  "commit": "6a7a50c81a1dee47f39c03d65bca9b7f5ec6d149"
 },
 "mod": {
  "_why": "导览书的中文版是拿「原文 → 译文」映射现套到模组自带那份 JSON 上生成的（仓库里不存上游副本），所以构建时必须有这个 jar。按 sha256 核，下错版本当场失败。",
  "name": "productivebees-1.21.1-13.13.5.jar",
  "curseforge_project_id": 377897,
  "curseforge_file_id": 8022994,
  "sha256": "9d48d198bc6eacf3b7729f4d60b91e661cfa15d105264ba225dee87b1d547ba1",
  "size": 5216551,
  "minecraft": "1.21.1",
  "loader": "neoforge"
 },
 "gradle": {
  "_why": "不用 gradle-wrapper.jar：那是个二进制，这个仓库不放二进制。发行版 zip 现下现核，哈希摆在这里能看见。",
  "version": "8.14",
  "url": "https://services.gradle.org/distributions/gradle-8.14-bin.zip",
  "sha256": "61ad310d3c7d3e5da131b76bbf22b5a4c0786e9d892dae8c1658d4b484de3caa"
 },
 "neoforge": {
  "_why": "编译期用哪一版不影响兼容范围（兼容范围由 mods.toml 的 versionRange 决定）。钉 ATM10 7.2 用的那一版，出了事好对照。",
  "version": "21.1.241",
  "moddevgradle": "2.0.142",
  "java": 21
 }
}
